
Microsoft Visual Studio Solution File, Format Version 12.00
# Visual Studio Version 17
VisualStudioVersion = 17.0.31903.59
MinimumVisualStudioVersion = 10.0.40219.1
Project("{2150E333-8FDC-42A3-9474-1A3956D46DE8}") = "src", "src", "{B283FEBE-9CEA-4F80-B157-99C84D113243}"
EndProject
Project("{2150E333-8FDC-42A3-9474-1A3956D46DE8}") = "Shared", "Shared", "{935C7C33-FAE6-41A9-9D87-CA551A020108}"
EndProject
Project("{FAE04EC0-301F-11D3-BF4B-00C04F79EFBC}") = "Contracts", "src\Shared\Contracts\Contracts.csproj", "{4F91533A-ED8A-4CCE-A8FD-214B53567D96}"
EndProject
Project("{2150E333-8FDC-42A3-9474-1A3956D46DE8}") = "Services", "Services", "{A8283EB1-DB12-4083-A35B-DC0BB220EC42}"
EndProject
Project("{2150E333-8FDC-42A3-9474-1A3956D46DE8}") = "AuthService", "AuthService", "{410FF0D4-432D-4C10-909E-3D846269624A}"
EndProject
Project("{FAE04EC0-301F-11D3-BF4B-00C04F79EFBC}") = "AuthService.Domain", "src\Services\AuthService\AuthService.Domain\AuthService.Domain.csproj", "{87B18603-0515-46F8-8F6E-C7F6F421256F}"
EndProject
Project("{FAE04EC0-301F-11D3-BF4B-00C04F79EFBC}") = "AuthService.Application", "src\Services\AuthService\AuthService.Application\AuthService.Application.csproj", "{C247AC28-F04E-4293-A116-DA69C79B601E}"
EndProject
Project("{FAE04EC0-301F-11D3-BF4B-00C04F79EFBC}") = "AuthService.Infrastructure", "src\Services\AuthService\AuthService.Infrastructure\AuthService.Infrastructure.csproj", "{0CFE0218-B016-469B-B6B8-8E0FBB6DC2B7}"
EndProject
Project("{FAE04EC0-301F-11D3-BF4B-00C04F79EFBC}") = "AuthService.API", "src\Services\AuthService\AuthService.API\AuthService.API.csproj", "{CB460A77-0404-48C4-BE6F-E5B9AFBAFEB5}"
EndProject
Project("{2150E333-8FDC-42A3-9474-1A3956D46DE8}") = "UserService", "UserService", "{0031733D-843A-4D2C-AE0A-6B7676358B35}"
EndProject
Project("{FAE04EC0-301F-11D3-BF4B-00C04F79EFBC}") = "UserService.Domain", "src\Services\UserService\UserService.Domain\UserService.Domain.csproj", "{4A4B9BDB-B2DB-4AE4-B67E-84C549E289D2}"
EndProject
Project("{FAE04EC0-301F-11D3-BF4B-00C04F79EFBC}") = "UserService.Application", "src\Services\UserService\UserService.Application\UserService.Application.csproj", "{11234681-624B-44E6-9B60-F387DCC95091}"
EndProject
Project("{FAE04EC0-301F-11D3-BF4B-00C04F79EFBC}") = "UserService.Infrastructure", "src\Services\UserService\UserService.Infrastructure\UserService.Infrastructure.csproj", "{82D63C90-085B-47C6-90A9-1B25BDA02820}"
EndProject
Project("{FAE04EC0-301F-11D3-BF4B-00C04F79EFBC}") = "UserService.API", "src\Services\UserService\UserService.API\UserService.API.csproj", "{280D91A5-CC53-4C54-86BE-6520A20B25C4}"
EndProject
Project("{FAE04EC0-301F-11D3-BF4B-00C04F79EFBC}") = "BuildingBlocks", "src\Shared\BuildingBlocks\BuildingBlocks.csproj", "{989DE676-F7E3-440C-9F66-15C9A0C6EA58}"
EndProject
Global
	GlobalSection(SolutionConfigurationPlatforms) = preSolution
		Debug|Any CPU = Debug|Any CPU
		Release|Any CPU = Release|Any CPU
	EndGlobalSection
	GlobalSection(SolutionProperties) = preSolution
		HideSolutionNode = FALSE
	EndGlobalSection
	GlobalSection(ProjectConfigurationPlatforms) = postSolution
		{4F91533A-ED8A-4CCE-A8FD-214B53567D96}.Debug|Any CPU.ActiveCfg = Debug|Any CPU
		{4F91533A-ED8A-4CCE-A8FD-214B53567D96}.Debug|Any CPU.Build.0 = Debug|Any CPU
		{4F91533A-ED8A-4CCE-A8FD-214B53567D96}.Release|Any CPU.ActiveCfg = Release|Any CPU
		{4F91533A-ED8A-4CCE-A8FD-214B53567D96}.Release|Any CPU.Build.0 = Release|Any CPU
		{87B18603-0515-46F8-8F6E-C7F6F421256F}.Debug|Any CPU.ActiveCfg = Debug|Any CPU
		{87B18603-0515-46F8-8F6E-C7F6F421256F}.Debug|Any CPU.Build.0 = Debug|Any CPU
		{87B18603-0515-46F8-8F6E-C7F6F421256F}.Release|Any CPU.ActiveCfg = Release|Any CPU
		{87B18603-0515-46F8-8F6E-C7F6F421256F}.Release|Any CPU.Build.0 = Release|Any CPU
		{C247AC28-F04E-4293-A116-DA69C79B601E}.Debug|Any CPU.ActiveCfg = Debug|Any CPU
		{C247AC28-F04E-4293-A116-DA69C79B601E}.Debug|Any CPU.Build.0 = Debug|Any CPU
		{C247AC28-F04E-4293-A116-DA69C79B601E}.Release|Any CPU.ActiveCfg = Release|Any CPU
		{C247AC28-F04E-4293-A116-DA69C79B601E}.Release|Any CPU.Build.0 = Release|Any CPU
		{0CFE0218-B016-469B-B6B8-8E0FBB6DC2B7}.Debug|Any CPU.ActiveCfg = Debug|Any CPU
		{0CFE0218-B016-469B-B6B8-8E0FBB6DC2B7}.Debug|Any CPU.Build.0 = Debug|Any CPU
		{0CFE0218-B016-469B-B6B8-8E0FBB6DC2B7}.Release|Any CPU.ActiveCfg = Release|Any CPU
		{0CFE0218-B016-469B-B6B8-8E0FBB6DC2B7}.Release|Any CPU.Build.0 = Release|Any CPU
		{CB460A77-0404-48C4-BE6F-E5B9AFBAFEB5}.Debug|Any CPU.ActiveCfg = Debug|Any CPU
		{CB460A77-0404-48C4-BE6F-E5B9AFBAFEB5}.Debug|Any CPU.Build.0 = Debug|Any CPU
		{CB460A77-0404-48C4-BE6F-E5B9AFBAFEB5}.Release|Any CPU.ActiveCfg = Release|Any CPU
		{CB460A77-0404-48C4-BE6F-E5B9AFBAFEB5}.Release|Any CPU.Build.0 = Release|Any CPU
		{4A4B9BDB-B2DB-4AE4-B67E-84C549E289D2}.Debug|Any CPU.ActiveCfg = Debug|Any CPU
		{4A4B9BDB-B2DB-4AE4-B67E-84C549E289D2}.Debug|Any CPU.Build.0 = Debug|Any CPU
		{4A4B9BDB-B2DB-4AE4-B67E-84C549E289D2}.Release|Any CPU.ActiveCfg = Release|Any CPU
		{4A4B9BDB-B2DB-4AE4-B67E-84C549E289D2}.Release|Any CPU.Build.0 = Release|Any CPU
		{11234681-624B-44E6-9B60-F387DCC95091}.Debug|Any CPU.ActiveCfg = Debug|Any CPU
		{11234681-624B-44E6-9B60-F387DCC95091}.Debug|Any CPU.Build.0 = Debug|Any CPU
		{11234681-624B-44E6-9B60-F387DCC95091}.Release|Any CPU.ActiveCfg = Release|Any CPU
		{11234681-624B-44E6-9B60-F387DCC95091}.Release|Any CPU.Build.0 = Release|Any CPU
		{82D63C90-085B-47C6-90A9-1B25BDA02820}.Debug|Any CPU.ActiveCfg = Debug|Any CPU
		{82D63C90-085B-47C6-90A9-1B25BDA02820}.Debug|Any CPU.Build.0 = Debug|Any CPU
		{82D63C90-085B-47C6-90A9-1B25BDA02820}.Release|Any CPU.ActiveCfg = Release|Any CPU
		{82D63C90-085B-47C6-90A9-1B25BDA02820}.Release|Any CPU.Build.0 = Release|Any CPU
		{280D91A5-CC53-4C54-86BE-6520A20B25C4}.Debug|Any CPU.ActiveCfg = Debug|Any CPU
		{280D91A5-CC53-4C54-86BE-6520A20B25C4}.Debug|Any CPU.Build.0 = Debug|Any CPU
		{280D91A5-CC53-4C54-86BE-6520A20B25C4}.Release|Any CPU.ActiveCfg = Release|Any CPU
		{280D91A5-CC53-4C54-86BE-6520A20B25C4}.Release|Any CPU.Build.0 = Release|Any CPU
		{989DE676-F7E3-440C-9F66-15C9A0C6EA58}.Debug|Any CPU.ActiveCfg = Debug|Any CPU
		{989DE676-F7E3-440C-9F66-15C9A0C6EA58}.Debug|Any CPU.Build.0 = Debug|Any CPU
		{989DE676-F7E3-440C-9F66-15C9A0C6EA58}.Release|Any CPU.ActiveCfg = Release|Any CPU
		{989DE676-F7E3-440C-9F66-15C9A0C6EA58}.Release|Any CPU.Build.0 = Release|Any CPU
	EndGlobalSection
	GlobalSection(NestedProjects) = preSolution
		{935C7C33-FAE6-41A9-9D87-CA551A020108} = {B283FEBE-9CEA-4F80-B157-99C84D113243}
		{4F91533A-ED8A-4CCE-A8FD-214B53567D96} = {935C7C33-FAE6-41A9-9D87-CA551A020108}
		{A8283EB1-DB12-4083-A35B-DC0BB220EC42} = {B283FEBE-9CEA-4F80-B157-99C84D113243}
		{410FF0D4-432D-4C10-909E-3D846269624A} = {A8283EB1-DB12-4083-A35B-DC0BB220EC42}
		{87B18603-0515-46F8-8F6E-C7F6F421256F} = {410FF0D4-432D-4C10-909E-3D846269624A}
		{C247AC28-F04E-4293-A116-DA69C79B601E} = {410FF0D4-432D-4C10-909E-3D846269624A}
		{0CFE0218-B016-469B-B6B8-8E0FBB6DC2B7} = {410FF0D4-432D-4C10-909E-3D846269624A}
		{CB460A77-0404-48C4-BE6F-E5B9AFBAFEB5} = {410FF0D4-432D-4C10-909E-3D846269624A}
		{0031733D-843A-4D2C-AE0A-6B7676358B35} = {A8283EB1-DB12-4083-A35B-DC0BB220EC42}
		{4A4B9BDB-B2DB-4AE4-B67E-84C549E289D2} = {0031733D-843A-4D2C-AE0A-6B7676358B35}
		{11234681-624B-44E6-9B60-F387DCC95091} = {0031733D-843A-4D2C-AE0A-6B7676358B35}
		{82D63C90-085B-47C6-90A9-1B25BDA02820} = {0031733D-843A-4D2C-AE0A-6B7676358B35}
		{280D91A5-CC53-4C54-86BE-6520A20B25C4} = {0031733D-843A-4D2C-AE0A-6B7676358B35}
		{989DE676-F7E3-440C-9F66-15C9A0C6EA58} = {935C7C33-FAE6-41A9-9D87-CA551A020108}
	EndGlobalSection
EndGlobal
